
Microsoft Visual Studio Solution File, Format Version 12.00
# Visual Studio Version 17
VisualStudioVersion = 17.14.36811.4 d17.14
MinimumVisualStudioVersion = 10.0.40219.1
Project("{2150E333-8FDC-42A3-9474-1A3956D46DE8}") = "Services", "Services", "{02EA681E-C7D8-13C7-8484-4AC65E1B71E8}"
EndProject
Project("{FAE04EC0-301F-11D3-BF4B-00C04F79EFBC}") = "e-commerce_web_api.Services.CouponAPI", "e-commerce_web_api.Services.CouponAPI\e-commerce_web_api.Services.CouponAPI.csproj", "{71F5E3CC-EA55-832E-7504-FA719C92238D}"
EndProject
Project("{2150E333-8FDC-42A3-9474-1A3956D46DE8}") = "Frontend", "Frontend", "{D62E4A38-B0E8-422E-99F2-1DD93AF0D55E}"
EndProject
Project("{2150E333-8FDC-42A3-9474-1A3956D46DE8}") = "Gateway", "Gateway", "{9789D989-8572-4EAB-9BE7-8CCAE3877E6B}"
EndProject
Project("{2150E333-8FDC-42A3-9474-1A3956D46DE8}") = "Integration", "Integration", "{9C59699E-3E72-49D8-AD83-DEB962824B4C}"
EndProject
Global
	GlobalSection(SolutionConfigurationPlatforms) = preSolution
		Debug|Any CPU = Debug|Any CPU
		Release|Any CPU = Release|Any CPU
	EndGlobalSection
	GlobalSection(ProjectConfigurationPlatforms) = postSolution
		{71F5E3CC-EA55-832E-7504-FA719C92238D}.Debug|Any CPU.ActiveCfg = Debug|Any CPU
		{71F5E3CC-EA55-832E-7504-FA719C92238D}.Debug|Any CPU.Build.0 = Debug|Any CPU
		{71F5E3CC-EA55-832E-7504-FA719C92238D}.Release|Any CPU.ActiveCfg = Release|Any CPU
		{71F5E3CC-EA55-832E-7504-FA719C92238D}.Release|Any CPU.Build.0 = Release|Any CPU
	EndGlobalSection
	GlobalSection(SolutionProperties) = preSolution
		HideSolutionNode = FALSE
	EndGlobalSection
	GlobalSection(NestedProjects) = preSolution
		{71F5E3CC-EA55-832E-7504-FA719C92238D} = {02EA681E-C7D8-13C7-8484-4AC65E1B71E8}
	EndGlobalSection
	GlobalSection(ExtensibilityGlobals) = postSolution
		SolutionGuid = {78BC442D-99E9-46BD-85B8-43C9D83BEE80}
	EndGlobalSection
EndGlobal
